
Microsoft Visual Studio Solution File, Format Version 12.00
# Visual Studio Version 16
VisualStudioVersion = 16.0.30114.105
MinimumVisualStudioVersion = 10.0.40219.1
Project("{FAE04EC0-301F-11D3-BF4B-00C04F79EFBC}") = "API", "API\API.csproj", "{79B2F359-05DF-4065-B8D2-073FEDE3186E}"
EndProject
Project("{FAE04EC0-301F-11D3-BF4B-00C04F79EFBC}") = "Core", "Core\Core.csproj", "{241D853F-550D-41B8-B214-73B1CB7AE84E}"
EndProject
Project("{FAE04EC0-301F-11D3-BF4B-00C04F79EFBC}") = "Infrastructure", "Infrastructure\Infrastructure.csproj", "{C9A974B0-9FD1-47FF-8982-D4604C55C51E}"
EndProject
Global
	GlobalSection(SolutionConfigurationPlatforms) = preSolution
		Debug|Any CPU = Debug|Any CPU
		Debug|x64 = Debug|x64
		Debug|x86 = Debug|x86
		Release|Any CPU = Release|Any CPU
		Release|x64 = Release|x64
		Release|x86 = Release|x86
	EndGlobalSection
	GlobalSection(SolutionProperties) = preSolution
		HideSolutionNode = FALSE
	EndGlobalSection
	GlobalSection(ProjectConfigurationPlatforms) = postSolution
		{79B2F359-05DF-4065-B8D2-073FEDE3186E}.Debug|Any CPU.ActiveCfg = Debug|Any CPU
		{79B2F359-05DF-4065-B8D2-073FEDE3186E}.Debug|Any CPU.Build.0 = Debug|Any CPU
		{79B2F359-05DF-4065-B8D2-073FEDE3186E}.Debug|x64.ActiveCfg = Debug|Any CPU
		{79B2F359-05DF-4065-B8D2-073FEDE3186E}.Debug|x64.Build.0 = Debug|Any CPU
		{79B2F359-05DF-4065-B8D2-073FEDE3186E}.Debug|x86.ActiveCfg = Debug|Any CPU
		{79B2F359-05DF-4065-B8D2-073FEDE3186E}.Debug|x86.Build.0 = Debug|Any CPU
		{79B2F359-05DF-4065-B8D2-073FEDE3186E}.Release|Any CPU.ActiveCfg = Release|Any CPU
		{79B2F359-05DF-4065-B8D2-073FEDE3186E}.Release|Any CPU.Build.0 = Release|Any CPU
		{79B2F359-05DF-4065-B8D2-073FEDE3186E}.Release|x64.ActiveCfg = Release|Any CPU
		{79B2F359-05DF-4065-B8D2-073FEDE3186E}.Release|x64.Build.0 = Release|Any CPU
		{79B2F359-05DF-4065-B8D2-073FEDE3186E}.Release|x86.ActiveCfg = Release|Any CPU
		{79B2F359-05DF-4065-B8D2-073FEDE3186E}.Release|x86.Build.0 = Release|Any CPU
		{241D853F-550D-41B8-B214-73B1CB7AE84E}.Debug|Any CPU.ActiveCfg = Debug|Any CPU
		{241D853F-550D-41B8-B214-73B1CB7AE84E}.Debug|Any CPU.Build.0 = Debug|Any CPU
		{241D853F-550D-41B8-B214-73B1CB7AE84E}.Debug|x64.ActiveCfg = Debug|Any CPU
		{241D853F-550D-41B8-B214-73B1CB7AE84E}.Debug|x64.Build.0 = Debug|Any CPU
		{241D853F-550D-41B8-B214-73B1CB7AE84E}.Debug|x86.ActiveCfg = Debug|Any CPU
		{241D853F-550D-41B8-B214-73B1CB7AE84E}.Debug|x86.Build.0 = Debug|Any CPU
		{241D853F-550D-41B8-B214-73B1CB7AE84E}.Release|Any CPU.ActiveCfg = Release|Any CPU
		{241D853F-550D-41B8-B214-73B1CB7AE84E}.Release|Any CPU.Build.0 = Release|Any CPU
		{241D853F-550D-41B8-B214-73B1CB7AE84E}.Release|x64.ActiveCfg = Release|Any CPU
		{241D853F-550D-41B8-B214-73B1CB7AE84E}.Release|x64.Build.0 = Release|Any CPU
		{241D853F-550D-41B8-B214-73B1CB7AE84E}.Release|x86.ActiveCfg = Release|Any CPU
		{241D853F-550D-41B8-B214-73B1CB7AE84E}.Release|x86.Build.0 = Release|Any CPU
		{C9A974B0-9FD1-47FF-8982-D4604C55C51E}.Debug|Any CPU.ActiveCfg = Debug|Any CPU
		{C9A974B0-9FD1-47FF-8982-D4604C55C51E}.Debug|Any CPU.Build.0 = Debug|Any CPU
		{C9A974B0-9FD1-47FF-8982-D4604C55C51E}.Debug|x64.ActiveCfg = Debug|Any CPU
		{C9A974B0-9FD1-47FF-8982-D4604C55C51E}.Debug|x64.Build.0 = Debug|Any CPU
		{C9A974B0-9FD1-47FF-8982-D4604C55C51E}.Debug|x86.ActiveCfg = Debug|Any CPU
		{C9A974B0-9FD1-47FF-8982-D4604C55C51E}.Debug|x86.Build.0 = Debug|Any CPU
		{C9A974B0-9FD1-47FF-8982-D4604C55C51E}.Release|Any CPU.ActiveCfg = Release|Any CPU
		{C9A974B0-9FD1-47FF-8982-D4604C55C51E}.Release|Any CPU.Build.0 = Release|Any CPU
		{C9A974B0-9FD1-47FF-8982-D4604C55C51E}.Release|x64.ActiveCfg = Release|Any CPU
		{C9A974B0-9FD1-47FF-8982-D4604C55C51E}.Release|x64.Build.0 = Release|Any CPU
		{C9A974B0-9FD1-47FF-8982-D4604C55C51E}.Release|x86.ActiveCfg = Release|Any CPU
		{C9A974B0-9FD1-47FF-8982-D4604C55C51E}.Release|x86.Build.0 = Release|Any CPU
	EndGlobalSection
EndGlobal
